
Microsoft Visual Studio Solution File, Format Version 12.00
Project("{FAE04EC0-301F-11D3-BF4B-00C04F79EFBC}") = "ProjectRoadmap.Shared.Core", "src\Shared\ProjectRoadmap.Shared.Core\ProjectRoadmap.Shared.Core.csproj", "{3B9C9C73-22DC-4F7D-90A4-E224EB1AFD41}"
EndProject
Project("{2150E333-8FDC-42A3-9474-1A3956D46DE8}") = "Shared", "Shared", "{AFBF73BB-5439-45C7-A0A2-AEB4BE335A27}"
EndProject
Project("{FAE04EC0-301F-11D3-BF4B-00C04F79EFBC}") = "ProjectRoadmap.EF.Interceptors", "src\EF\ProjectRoadmap.EF.Interceptors\ProjectRoadmap.EF.Interceptors.csproj", "{7D9891FF-D71F-44B6-A864-F8F1EB1C75FF}"
EndProject
Project("{2150E333-8FDC-42A3-9474-1A3956D46DE8}") = "EF", "EF", "{E001ED96-BF18-41F8-A6EE-D8ACCC9156FB}"
EndProject
Global
	GlobalSection(SolutionConfigurationPlatforms) = preSolution
		Debug|Any CPU = Debug|Any CPU
		Release|Any CPU = Release|Any CPU
	EndGlobalSection
	GlobalSection(ProjectConfigurationPlatforms) = postSolution
		{3B9C9C73-22DC-4F7D-90A4-E224EB1AFD41}.Debug|Any CPU.ActiveCfg = Debug|Any CPU
		{3B9C9C73-22DC-4F7D-90A4-E224EB1AFD41}.Debug|Any CPU.Build.0 = Debug|Any CPU
		{3B9C9C73-22DC-4F7D-90A4-E224EB1AFD41}.Release|Any CPU.ActiveCfg = Release|Any CPU
		{3B9C9C73-22DC-4F7D-90A4-E224EB1AFD41}.Release|Any CPU.Build.0 = Release|Any CPU
		{7D9891FF-D71F-44B6-A864-F8F1EB1C75FF}.Debug|Any CPU.ActiveCfg = Debug|Any CPU
		{7D9891FF-D71F-44B6-A864-F8F1EB1C75FF}.Debug|Any CPU.Build.0 = Debug|Any CPU
		{7D9891FF-D71F-44B6-A864-F8F1EB1C75FF}.Release|Any CPU.ActiveCfg = Release|Any CPU
		{7D9891FF-D71F-44B6-A864-F8F1EB1C75FF}.Release|Any CPU.Build.0 = Release|Any CPU
	EndGlobalSection
	GlobalSection(NestedProjects) = preSolution
		{3B9C9C73-22DC-4F7D-90A4-E224EB1AFD41} = {AFBF73BB-5439-45C7-A0A2-AEB4BE335A27}
		{7D9891FF-D71F-44B6-A864-F8F1EB1C75FF} = {E001ED96-BF18-41F8-A6EE-D8ACCC9156FB}
	EndGlobalSection
EndGlobal
